{
  "name": "node-diamond-example",
  "version": "0.0.0",
  "lockfileVersion": 1,
  "requires": true,
  "dependencies": {
    "node-example": {
      "version": "github:functionalscript/node-example#1adfa557101541692c25b9b560f53552bf7575b7",
      "from": "github:functionalscript/node-example"
    },
    "node-ref-example": {
      "version": "github:functionalscript/node-ref-example#c6197ba34c7afaa762371bcd57ba8135ba743577",
      "from": "github:functionalscript/node-ref-example",
      "requires": {
        "node-example": "github:functionalscript/node-example"
      }
    },
    "typescript": {
      "version": "4.4.4",
      "resolved": "https://registry.npmjs.org/typescript/-/typescript-4.4.4.tgz",
      "integrity": "sha512-DqGhF5IKoBl8WNf8C1gu8q0xZSInh9j1kJJMqT3a94w1JzVaBU4EXOSMrz9yDqMT0xt3selp83fuFMQ0uzv6qA==",
      "dev": true
    },
    "x": {
      "version": "github:functionalscript/node-example#1adfa557101541692c25b9b560f53552bf7575b7",
      "from": "github:functionalscript/node-example"
    }
  }
}
